{
  "name": "deprecation-app",
  "version": "0.0.0",
  "lockfileVersion": 1,
  "requires": true,
  "dependencies": {
    "compare-versions": {
      "version": "3.1.0",
      "resolved": "https://registry.npmjs.org/compare-versions/-/compare-versions-3.1.0.tgz",
      "integrity": "sha512-4hAxDSBypT/yp2ySFD346So6Ragw5xmBn/e/agIGl3bZr6DLUqnoRZPusxKrXdYRZpgexO9daejmIenlq/wrIQ=="
    }
  }
}
